
Microsoft Visual Studio Solution File, Format Version 12.00
# Visual Studio 15
VisualStudioVersion = 15.0.28010.2036
MinimumVisualStudioVersion = 10.0.40219.1
Project("{FAE04EC0-301F-11D3-BF4B-00C04F79EFBC}") = "RobberHouse", "RobberHouse\RobberHouse.csproj", "{DA6F8DD0-F88F-4F24-86AA-D2ABE45826D1}"
EndProject
Global
	GlobalSection(SolutionConfigurationPlatforms) = preSolution
		Debug|Any CPU = Debug|Any CPU
		Release|Any CPU = Release|Any CPU
	EndGlobalSection
	GlobalSection(ProjectConfigurationPlatforms) = postSolution
		{DA6F8DD0-F88F-4F24-86AA-D2ABE45826D1}.Debug|Any CPU.ActiveCfg = Debug|Any CPU
		{DA6F8DD0-F88F-4F24-86AA-D2ABE45826D1}.Debug|Any CPU.Build.0 = Debug|Any CPU
		{DA6F8DD0-F88F-4F24-86AA-D2ABE45826D1}.Release|Any CPU.ActiveCfg = Release|Any CPU
		{DA6F8DD0-F88F-4F24-86AA-D2ABE45826D1}.Release|Any CPU.Build.0 = Release|Any CPU
	EndGlobalSection
	GlobalSection(SolutionProperties) = preSolution
		HideSolutionNode = FALSE
	EndGlobalSection
	GlobalSection(ExtensibilityGlobals) = postSolution
		SolutionGuid = {A440E1CE-EB0F-4B03-9326-6E7B1BDE3377}
	EndGlobalSection
EndGlobal
